
Microsoft Visual Studio Solution File, Format Version 12.00
# Visual Studio Version 17
VisualStudioVersion = 17.9.34701.34
MinimumVisualStudioVersion = 10.0.40219.1
Project("{FAE04EC0-301F-11D3-BF4B-00C04F79EFBC}") = "InClassCalculator", "InClassCalculator\InClassCalculator.csproj", "{969F3F9C-0A94-46A5-89DA-B2701C232305}"
EndProject
Global
	GlobalSection(SolutionConfigurationPlatforms) = preSolution
		Debug|Any CPU = Debug|Any CPU
		Release|Any CPU = Release|Any CPU
	EndGlobalSection
	GlobalSection(ProjectConfigurationPlatforms) = postSolution
		{969F3F9C-0A94-46A5-89DA-B2701C232305}.Debug|Any CPU.ActiveCfg = Debug|Any CPU
		{969F3F9C-0A94-46A5-89DA-B2701C232305}.Debug|Any CPU.Build.0 = Debug|Any CPU
		{969F3F9C-0A94-46A5-89DA-B2701C232305}.Release|Any CPU.ActiveCfg = Release|Any CPU
		{969F3F9C-0A94-46A5-89DA-B2701C232305}.Release|Any CPU.Build.0 = Release|Any CPU
	EndGlobalSection
	GlobalSection(SolutionProperties) = preSolution
		HideSolutionNode = FALSE
	EndGlobalSection
	GlobalSection(ExtensibilityGlobals) = postSolution
		SolutionGuid = {EA161216-E343-48BC-BC74-3EF692060E30}
	EndGlobalSection
EndGlobal
